// !$*UTF8*$!
{
	archiveVersion = 1;
	classes = {
	};
	objectVersion = 77;
	objects = {

/* Begin PBXBuildFile section */
		486DDED02E32E0AC00F8A359 /* AppDelegate.swift in Sources */ = {isa = PBXBuildFile; fileRef = 486DDECF2E32E0AC00F8A359 /* AppDelegate.swift */; };
		486DDED42E32E0AC00F8A359 /* Main.html in Resources */ = {isa = PBXBuildFile; fileRef = 486DDED22E32E0AC00F8A359 /* Main.html */; };
		486DDED62E32E0AC00F8A359 /* Icon.png in Resources */ = {isa = PBXBuildFile; fileRef = 486DDED52E32E0AC00F8A359 /* Icon.png */; };
		486DDED82E32E0AC00F8A359 /* Style.css in Resources */ = {isa = PBXBuildFile; fileRef = 486DDED72E32E0AC00F8A359 /* Style.css */; };
		486DDEDA2E32E0AC00F8A359 /* Script.js in Resources */ = {isa = PBXBuildFile; fileRef = 486DDED92E32E0AC00F8A359 /* Script.js */; };
		486DDEDC2E32E0AC00F8A359 /* ViewController.swift in Sources */ = {isa = PBXBuildFile; fileRef = 486DDEDB2E32E0AC00F8A359 /* ViewController.swift */; };
		486DDEDF2E32E0AC00F8A359 /* Main.storyboard in Resources */ = {isa = PBXBuildFile; fileRef = 486DDEDD2E32E0AC00F8A359 /* Main.storyboard */; };
		486DDEE12E32E0AE00F8A359 /* Assets.xcassets in Resources */ = {isa = PBXBuildFile; fileRef = 486DDEE02E32E0AE00F8A359 /* Assets.xcassets */; };
		486DDEE82E32E0AE00F8A359 /* bskyUnGeoBlock Extension.appex in Embed Foundation Extensions */ = {isa = PBXBuildFile; fileRef = 486DDEE72E32E0AE00F8A359 /* bskyUnGeoBlock Extension.appex */; settings = {ATTRIBUTES = (RemoveHeadersOnCopy, ); }; };
		486DDEED2E32E0AE00F8A359 /* SafariWebExtensionHandler.swift in Sources */ = {isa = PBXBuildFile; fileRef = 486DDEEC2E32E0AE00F8A359 /* SafariWebExtensionHandler.swift */; };
		486DDEFF2E32E0AE00F8A359 /* getAgeAssuranceState-response.json in Resources */ = {isa = PBXBuildFile; fileRef = 486DDEF92E32E0AE00F8A359 /* getAgeAssuranceState-response.json */; };
		486DDF002E32E0AE00F8A359 /* ipcc-rule.json in Resources */ = {isa = PBXBuildFile; fileRef = 486DDEFA2E32E0AE00F8A359 /* ipcc-rule.json */; };
		486DDF012E32E0AE00F8A359 /* manifest.json in Resources */ = {isa = PBXBuildFile; fileRef = 486DDEFB2E32E0AE00F8A359 /* manifest.json */; };
		486DDF022E32E0AE00F8A359 /* ipcc-response.json in Resources */ = {isa = PBXBuildFile; fileRef = 486DDEFC2E32E0AE00F8A359 /* ipcc-response.json */; };
		486DDF032E32E0AE00F8A359 /* getAgeAssuranceState-rule.json in Resources */ = {isa = PBXBuildFile; fileRef = 486DDEFD2E32E0AE00F8A359 /* getAgeAssuranceState-rule.json */; };
		486DDF042E32E0AE00F8A359 /* icon in Resources */ = {isa = PBXBuildFile; fileRef = 486DDEFE2E32E0AE00F8A359 /* icon */; };
/* End PBXBuildFile section */

/* Begin PBXContainerItemProxy section */
		486DDEE92E32E0AE00F8A359 /* PBXContainerItemProxy */ = {
			isa = PBXContainerItemProxy;
			containerPortal = 486DDEC42E32E0AC00F8A359 /* Project object */;
			proxyType = 1;
			remoteGlobalIDString = 486DDEE62E32E0AE00F8A359;
			remoteInfo = "bskyUnGeoBlock Extension";
		};
/* End PBXContainerItemProxy section */

/* Begin PBXCopyFilesBuildPhase section */
		486DDEF42E32E0AE00F8A359 /* Embed Foundation Extensions */ = {
			isa = PBXCopyFilesBuildPhase;
			buildActionMask = 2147483647;
			dstPath = "";
			dstSubfolderSpec = 13;
			files = (
				486DDEE82E32E0AE00F8A359 /* bskyUnGeoBlock Extension.appex in Embed Foundation Extensions */,
			);
			name = "Embed Foundation Extensions";
			runOnlyForDeploymentPostprocessing = 0;
		};
/* End PBXCopyFilesBuildPhase section */

/* Begin PBXFileReference section */
		486DDECC2E32E0AC00F8A359 /* bskyUnGeoBlock.app */ = {isa = PBXFileReference; explicitFileType = wrapper.application; includeInIndex = 0; path = bskyUnGeoBlock.app; sourceTree = BUILT_PRODUCTS_DIR; };
		486DDECF2E32E0AC00F8A359 /* AppDelegate.swift */ = {isa = PBXFileReference; lastKnownFileType = sourcecode.swift; path = AppDelegate.swift; sourceTree = "<group>"; };
		486DDED32E32E0AC00F8A359 /* Base */ = {isa = PBXFileReference; lastKnownFileType = text.html; name = Base; path = Base.lproj/Main.html; sourceTree = "<group>"; };
		486DDED52E32E0AC00F8A359 /* Icon.png */ = {isa = PBXFileReference; lastKnownFileType = image.png; path = Icon.png; sourceTree = "<group>"; };
		486DDED72E32E0AC00F8A359 /* Style.css */ = {isa = PBXFileReference; lastKnownFileType = text.css; path = Style.css; sourceTree = "<group>"; };
		486DDED92E32E0AC00F8A359 /* Script.js */ = {isa = PBXFileReference; lastKnownFileType = sourcecode.javascript; path = Script.js; sourceTree = "<group>"; };
		486DDEDB2E32E0AC00F8A359 /* ViewController.swift */ = {isa = PBXFileReference; lastKnownFileType = sourcecode.swift; path = ViewController.swift; sourceTree = "<group>"; };
		486DDEDE2E32E0AC00F8A359 /* Base */ = {isa = PBXFileReference; lastKnownFileType = file.storyboard; name = Base; path = Base.lproj/Main.storyboard; sourceTree = "<group>"; };
		486DDEE02E32E0AE00F8A359 /* Assets.xcassets */ = {isa = PBXFileReference; lastKnownFileType = folder.assetcatalog; path = Assets.xcassets; sourceTree = "<group>"; };
		486DDEE22E32E0AE00F8A359 /* Info.plist */ = {isa = PBXFileReference; lastKnownFileType = text.plist.xml; path = Info.plist; sourceTree = "<group>"; };
		486DDEE72E32E0AE00F8A359 /* bskyUnGeoBlock Extension.appex */ = {isa = PBXFileReference; explicitFileType = "wrapper.app-extension"; includeInIndex = 0; path = "bskyUnGeoBlock Extension.appex"; sourceTree = BUILT_PRODUCTS_DIR; };
		486DDEEC2E32E0AE00F8A359 /* SafariWebExtensionHandler.swift */ = {isa = PBXFileReference; lastKnownFileType = sourcecode.swift; path = SafariWebExtensionHandler.swift; sourceTree = "<group>"; };
		486DDEEE2E32E0AE00F8A359 /* Info.plist */ = {isa = PBXFileReference; lastKnownFileType = text.plist.xml; path = Info.plist; sourceTree = "<group>"; };
		486DDEF92E32E0AE00F8A359 /* getAgeAssuranceState-response.json */ = {isa = PBXFileReference; lastKnownFileType = text.json; name = "getAgeAssuranceState-response.json"; path = "../../extension/getAgeAssuranceState-response.json"; sourceTree = "<group>"; };
		486DDEFA2E32E0AE00F8A359 /* ipcc-rule.json */ = {isa = PBXFileReference; lastKnownFileType = text.json; name = "ipcc-rule.json"; path = "../../extension/ipcc-rule.json"; sourceTree = "<group>"; };
		486DDEFB2E32E0AE00F8A359 /* manifest.json */ = {isa = PBXFileReference; lastKnownFileType = text.json; name = manifest.json; path = ../../extension/manifest.json; sourceTree = "<group>"; };
		486DDEFC2E32E0AE00F8A359 /* ipcc-response.json */ = {isa = PBXFileReference; lastKnownFileType = text.json; name = "ipcc-response.json"; path = "../../extension/ipcc-response.json"; sourceTree = "<group>"; };
		486DDEFD2E32E0AE00F8A359 /* getAgeAssuranceState-rule.json */ = {isa = PBXFileReference; lastKnownFileType = text.json; name = "getAgeAssuranceState-rule.json"; path = "../../extension/getAgeAssuranceState-rule.json"; sourceTree = "<group>"; };
		486DDEFE2E32E0AE00F8A359 /* icon */ = {isa = PBXFileReference; lastKnownFileType = folder; name = icon; path = ../../extension/icon; sourceTree = "<group>"; };
/* End PBXFileReference section */

/* Begin PBXFrameworksBuildPhase section */
		486DDEC92E32E0AC00F8A359 /* Frameworks */ = {
			isa = PBXFrameworksBuildPhase;
			buildActionMask = 2147483647;
			files = (
			);
			runOnlyForDeploymentPostprocessing = 0;
		};
		486DDEE42E32E0AE00F8A359 /* Frameworks */ = {
			isa = PBXFrameworksBuildPhase;
			buildActionMask = 2147483647;
			files = (
			);
			runOnlyForDeploymentPostprocessing = 0;
		};
/* End PBXFrameworksBuildPhase section */

/* Begin PBXGroup section */
		486DDEC32E32E0AC00F8A359 = {
			isa = PBXGroup;
			children = (
				486DDECE2E32E0AC00F8A359 /* bskyUnGeoBlock */,
				486DDEEB2E32E0AE00F8A359 /* bskyUnGeoBlock Extension */,
				486DDECD2E32E0AC00F8A359 /* Products */,
			);
			sourceTree = "<group>";
		};
		486DDECD2E32E0AC00F8A359 /* Products */ = {
			isa = PBXGroup;
			children = (
				486DDECC2E32E0AC00F8A359 /* bskyUnGeoBlock.app */,
				486DDEE72E32E0AE00F8A359 /* bskyUnGeoBlock Extension.appex */,
			);
			name = Products;
			sourceTree = "<group>";
		};
		486DDECE2E32E0AC00F8A359 /* bskyUnGeoBlock */ = {
			isa = PBXGroup;
			children = (
				486DDECF2E32E0AC00F8A359 /* AppDelegate.swift */,
				486DDEDB2E32E0AC00F8A359 /* ViewController.swift */,
				486DDEDD2E32E0AC00F8A359 /* Main.storyboard */,
				486DDEE02E32E0AE00F8A359 /* Assets.xcassets */,
				486DDEE22E32E0AE00F8A359 /* Info.plist */,
				486DDED12E32E0AC00F8A359 /* Resources */,
			);
			path = bskyUnGeoBlock;
			sourceTree = "<group>";
		};
		486DDED12E32E0AC00F8A359 /* Resources */ = {
			isa = PBXGroup;
			children = (
				486DDED22E32E0AC00F8A359 /* Main.html */,
				486DDED52E32E0AC00F8A359 /* Icon.png */,
				486DDED72E32E0AC00F8A359 /* Style.css */,
				486DDED92E32E0AC00F8A359 /* Script.js */,
			);
			path = Resources;
			sourceTree = "<group>";
		};
		486DDEEB2E32E0AE00F8A359 /* bskyUnGeoBlock Extension */ = {
			isa = PBXGroup;
			children = (
				486DDEF82E32E0AE00F8A359 /* Resources */,
				486DDEEC2E32E0AE00F8A359 /* SafariWebExtensionHandler.swift */,
				486DDEEE2E32E0AE00F8A359 /* Info.plist */,
			);
			path = "bskyUnGeoBlock Extension";
			sourceTree = "<group>";
		};
		486DDEF82E32E0AE00F8A359 /* Resources */ = {
			isa = PBXGroup;
			children = (
				486DDEF92E32E0AE00F8A359 /* getAgeAssuranceState-response.json */,
				486DDEFA2E32E0AE00F8A359 /* ipcc-rule.json */,
				486DDEFB2E32E0AE00F8A359 /* manifest.json */,
				486DDEFC2E32E0AE00F8A359 /* ipcc-response.json */,
				486DDEFD2E32E0AE00F8A359 /* getAgeAssuranceState-rule.json */,
				486DDEFE2E32E0AE00F8A359 /* icon */,
			);
			name = Resources;
			path = "bskyUnGeoBlock Extension";
			sourceTree = SOURCE_ROOT;
		};
/* End PBXGroup section */

/* Begin PBXNativeTarget section */
		486DDECB2E32E0AC00F8A359 /* bskyUnGeoBlock */ = {
			isa = PBXNativeTarget;
			buildConfigurationList = 486DDEF52E32E0AE00F8A359 /* Build configuration list for PBXNativeTarget "bskyUnGeoBlock" */;
			buildPhases = (
				486DDEC82E32E0AC00F8A359 /* Sources */,
				486DDEC92E32E0AC00F8A359 /* Frameworks */,
				486DDECA2E32E0AC00F8A359 /* Resources */,
				486DDEF42E32E0AE00F8A359 /* Embed Foundation Extensions */,
			);
			buildRules = (
			);
			dependencies = (
				486DDEEA2E32E0AE00F8A359 /* PBXTargetDependency */,
			);
			name = bskyUnGeoBlock;
			packageProductDependencies = (
			);
			productName = bskyUnGeoBlock;
			productReference = 486DDECC2E32E0AC00F8A359 /* bskyUnGeoBlock.app */;
			productType = "com.apple.product-type.application";
		};
		486DDEE62E32E0AE00F8A359 /* bskyUnGeoBlock Extension */ = {
			isa = PBXNativeTarget;
			buildConfigurationList = 486DDEF12E32E0AE00F8A359 /* Build configuration list for PBXNativeTarget "bskyUnGeoBlock Extension" */;
			buildPhases = (
				486DDEE32E32E0AE00F8A359 /* Sources */,
				486DDEE42E32E0AE00F8A359 /* Frameworks */,
				486DDEE52E32E0AE00F8A359 /* Resources */,
			);
			buildRules = (
			);
			dependencies = (
			);
			name = "bskyUnGeoBlock Extension";
			packageProductDependencies = (
			);
			productName = "bskyUnGeoBlock Extension";
			productReference = 486DDEE72E32E0AE00F8A359 /* bskyUnGeoBlock Extension.appex */;
			productType = "com.apple.product-type.app-extension";
		};
/* End PBXNativeTarget section */

/* Begin PBXProject section */
		486DDEC42E32E0AC00F8A359 /* Project object */ = {
			isa = PBXProject;
			attributes = {
				BuildIndependentTargetsInParallel = 1;
				LastSwiftUpdateCheck = 2600;
				LastUpgradeCheck = 2600;
				TargetAttributes = {
					486DDECB2E32E0AC00F8A359 = {
						CreatedOnToolsVersion = 26.0;
					};
					486DDEE62E32E0AE00F8A359 = {
						CreatedOnToolsVersion = 26.0;
					};
				};
			};
			buildConfigurationList = 486DDEC72E32E0AC00F8A359 /* Build configuration list for PBXProject "bskyUnGeoBlock" */;
			developmentRegion = en;
			hasScannedForEncodings = 0;
			knownRegions = (
				en,
				Base,
			);
			mainGroup = 486DDEC32E32E0AC00F8A359;
			minimizedProjectReferenceProxies = 1;
			preferredProjectObjectVersion = 77;
			productRefGroup = 486DDECD2E32E0AC00F8A359 /* Products */;
			projectDirPath = "";
			projectRoot = "";
			targets = (
				486DDECB2E32E0AC00F8A359 /* bskyUnGeoBlock */,
				486DDEE62E32E0AE00F8A359 /* bskyUnGeoBlock Extension */,
			);
		};
/* End PBXProject section */

/* Begin PBXResourcesBuildPhase section */
		486DDECA2E32E0AC00F8A359 /* Resources */ = {
			isa = PBXResourcesBuildPhase;
			buildActionMask = 2147483647;
			files = (
				486DDED62E32E0AC00F8A359 /* Icon.png in Resources */,
				486DDEDF2E32E0AC00F8A359 /* Main.storyboard in Resources */,
				486DDEDA2E32E0AC00F8A359 /* Script.js in Resources */,
				486DDED42E32E0AC00F8A359 /* Main.html in Resources */,
				486DDEE12E32E0AE00F8A359 /* Assets.xcassets in Resources */,
				486DDED82E32E0AC00F8A359 /* Style.css in Resources */,
			);
			runOnlyForDeploymentPostprocessing = 0;
		};
		486DDEE52E32E0AE00F8A359 /* Resources */ = {
			isa = PBXResourcesBuildPhase;
			buildActionMask = 2147483647;
			files = (
				486DDF032E32E0AE00F8A359 /* getAgeAssuranceState-rule.json in Resources */,
				486DDF042E32E0AE00F8A359 /* icon in Resources */,
				486DDF002E32E0AE00F8A359 /* ipcc-rule.json in Resources */,
				486DDF022E32E0AE00F8A359 /* ipcc-response.json in Resources */,
				486DDF012E32E0AE00F8A359 /* manifest.json in Resources */,
				486DDEFF2E32E0AE00F8A359 /* getAgeAssuranceState-response.json in Resources */,
			);
			runOnlyForDeploymentPostprocessing = 0;
		};
/* End PBXResourcesBuildPhase section */

/* Begin PBXSourcesBuildPhase section */
		486DDEC82E32E0AC00F8A359 /* Sources */ = {
			isa = PBXSourcesBuildPhase;
			buildActionMask = 2147483647;
			files = (
				486DDEDC2E32E0AC00F8A359 /* ViewController.swift in Sources */,
				486DDED02E32E0AC00F8A359 /* AppDelegate.swift in Sources */,
			);
			runOnlyForDeploymentPostprocessing = 0;
		};
		486DDEE32E32E0AE00F8A359 /* Sources */ = {
			isa = PBXSourcesBuildPhase;
			buildActionMask = 2147483647;
			files = (
				486DDEED2E32E0AE00F8A359 /* SafariWebExtensionHandler.swift in Sources */,
			);
			runOnlyForDeploymentPostprocessing = 0;
		};
/* End PBXSourcesBuildPhase section */

/* Begin PBXTargetDependency section */
		486DDEEA2E32E0AE00F8A359 /* PBXTargetDependency */ = {
			isa = PBXTargetDependency;
			target = 486DDEE62E32E0AE00F8A359 /* bskyUnGeoBlock Extension */;
			targetProxy = 486DDEE92E32E0AE00F8A359 /* PBXContainerItemProxy */;
		};
/* End PBXTargetDependency section */

/* Begin PBXVariantGroup section */
		486DDED22E32E0AC00F8A359 /* Main.html */ = {
			isa = PBXVariantGroup;
			children = (
				486DDED32E32E0AC00F8A359 /* Base */,
			);
			name = Main.html;
			sourceTree = "<group>";
		};
		486DDEDD2E32E0AC00F8A359 /* Main.storyboard */ = {
			isa = PBXVariantGroup;
			children = (
				486DDEDE2E32E0AC00F8A359 /* Base */,
			);
			name = Main.storyboard;
			sourceTree = "<group>";
		};
/* End PBXVariantGroup section */

/* Begin XCBuildConfiguration section */
		486DDEEF2E32E0AE00F8A359 /* Debug */ = {
			isa = XCBuildConfiguration;
			buildSettings = {
				ALWAYS_SEARCH_USER_PATHS = NO;
				ASSETCATALOG_COMPILER_GENERATE_SWIFT_ASSET_SYMBOL_EXTENSIONS = YES;
				CLANG_ANALYZER_NONNULL = YES;
				CLANG_ANALYZER_NUMBER_OBJECT_CONVERSION = YES_AGGRESSIVE;
				CLANG_CXX_LANGUAGE_STANDARD = "gnu++20";
				CLANG_ENABLE_MODULES = YES;
				CLANG_ENABLE_OBJC_ARC = YES;
				CLANG_ENABLE_OBJC_WEAK = YES;
				CLANG_WARN_BLOCK_CAPTURE_AUTORELEASING = YES;
				CLANG_WARN_BOOL_CONVERSION = YES;
				CLANG_WARN_COMMA = YES;
				CLANG_WARN_CONSTANT_CONVERSION = YES;
				CLANG_WARN_DEPRECATED_OBJC_IMPLEMENTATIONS = YES;
				CLANG_WARN_DIRECT_OBJC_ISA_USAGE = YES_ERROR;
				CLANG_WARN_DOCUMENTATION_COMMENTS = YES;
				CLANG_WARN_EMPTY_BODY = YES;
				CLANG_WARN_ENUM_CONVERSION = YES;
				CLANG_WARN_INFINITE_RECURSION = YES;
				CLANG_WARN_INT_CONVERSION = YES;
				CLANG_WARN_NON_LITERAL_NULL_CONVERSION = YES;
				CLANG_WARN_OBJC_IMPLICIT_RETAIN_SELF = YES;
				CLANG_WARN_OBJC_LITERAL_CONVERSION = YES;
				CLANG_WARN_OBJC_ROOT_CLASS = YES_ERROR;
				CLANG_WARN_QUOTED_INCLUDE_IN_FRAMEWORK_HEADER = YES;
				CLANG_WARN_RANGE_LOOP_ANALYSIS = YES;
				CLANG_WARN_STRICT_PROTOTYPES = YES;
				CLANG_WARN_SUSPICIOUS_MOVE = YES;
				CLANG_WARN_UNGUARDED_AVAILABILITY = YES_AGGRESSIVE;
				CLANG_WARN_UNREACHABLE_CODE = YES;
				CLANG_WARN__DUPLICATE_METHOD_MATCH = YES;
				COPY_PHASE_STRIP = NO;
				DEBUG_INFORMATION_FORMAT = dwarf;
				ENABLE_STRICT_OBJC_MSGSEND = YES;
				ENABLE_TESTABILITY = YES;
				ENABLE_USER_SCRIPT_SANDBOXING = YES;
				GCC_C_LANGUAGE_STANDARD = gnu17;
				GCC_DYNAMIC_NO_PIC = NO;
				GCC_NO_COMMON_BLOCKS = YES;
				GCC_OPTIMIZATION_LEVEL = 0;
				GCC_PREPROCESSOR_DEFINITIONS = (
					"DEBUG=1",
					"$(inherited)",
				);
				GCC_WARN_64_TO_32_BIT_CONVERSION = YES;
				GCC_WARN_ABOUT_RETURN_TYPE = YES_ERROR;
				GCC_WARN_UNDECLARED_SELECTOR = YES;
				GCC_WARN_UNINITIALIZED_AUTOS = YES_AGGRESSIVE;
				GCC_WARN_UNUSED_FUNCTION = YES;
				GCC_WARN_UNUSED_VARIABLE = YES;
				LOCALIZATION_PREFERS_STRING_CATALOGS = YES;
				MACOSX_DEPLOYMENT_TARGET = 15.4;
				MTL_ENABLE_DEBUG_INFO = INCLUDE_SOURCE;
				MTL_FAST_MATH = YES;
				ONLY_ACTIVE_ARCH = YES;
				SDKROOT = macosx;
				SWIFT_ACTIVE_COMPILATION_CONDITIONS = "DEBUG $(inherited)";
				SWIFT_OPTIMIZATION_LEVEL = "-Onone";
			};
			name = Debug;
		};
		486DDEF02E32E0AE00F8A359 /* Release */ = {
			isa = XCBuildConfiguration;
			buildSettings = {
				ALWAYS_SEARCH_USER_PATHS = NO;
				ASSETCATALOG_COMPILER_GENERATE_SWIFT_ASSET_SYMBOL_EXTENSIONS = YES;
				CLANG_ANALYZER_NONNULL = YES;
				CLANG_ANALYZER_NUMBER_OBJECT_CONVERSION = YES_AGGRESSIVE;
				CLANG_CXX_LANGUAGE_STANDARD = "gnu++20";
				CLANG_ENABLE_MODULES = YES;
				CLANG_ENABLE_OBJC_ARC = YES;
				CLANG_ENABLE_OBJC_WEAK = YES;
				CLANG_WARN_BLOCK_CAPTURE_AUTORELEASING = YES;
				CLANG_WARN_BOOL_CONVERSION = YES;
				CLANG_WARN_COMMA = YES;
				CLANG_WARN_CONSTANT_CONVERSION = YES;
				CLANG_WARN_DEPRECATED_OBJC_IMPLEMENTATIONS = YES;
				CLANG_WARN_DIRECT_OBJC_ISA_USAGE = YES_ERROR;
				CLANG_WARN_DOCUMENTATION_COMMENTS = YES;
				CLANG_WARN_EMPTY_BODY = YES;
				CLANG_WARN_ENUM_CONVERSION = YES;
				CLANG_WARN_INFINITE_RECURSION = YES;
				CLANG_WARN_INT_CONVERSION = YES;
				CLANG_WARN_NON_LITERAL_NULL_CONVERSION = YES;
				CLANG_WARN_OBJC_IMPLICIT_RETAIN_SELF = YES;
				CLANG_WARN_OBJC_LITERAL_CONVERSION = YES;
				CLANG_WARN_OBJC_ROOT_CLASS = YES_ERROR;
				CLANG_WARN_QUOTED_INCLUDE_IN_FRAMEWORK_HEADER = YES;
				CLANG_WARN_RANGE_LOOP_ANALYSIS = YES;
				CLANG_WARN_STRICT_PROTOTYPES = YES;
				CLANG_WARN_SUSPICIOUS_MOVE = YES;
				CLANG_WARN_UNGUARDED_AVAILABILITY = YES_AGGRESSIVE;
				CLANG_WARN_UNREACHABLE_CODE = YES;
				CLANG_WARN__DUPLICATE_METHOD_MATCH = YES;
				COPY_PHASE_STRIP = NO;
				DEBUG_INFORMATION_FORMAT = "dwarf-with-dsym";
				ENABLE_NS_ASSERTIONS = NO;
				ENABLE_STRICT_OBJC_MSGSEND = YES;
				ENABLE_USER_SCRIPT_SANDBOXING = YES;
				GCC_C_LANGUAGE_STANDARD = gnu17;
				GCC_NO_COMMON_BLOCKS = YES;
				GCC_WARN_64_TO_32_BIT_CONVERSION = YES;
				GCC_WARN_ABOUT_RETURN_TYPE = YES_ERROR;
				GCC_WARN_UNDECLARED_SELECTOR = YES;
				GCC_WARN_UNINITIALIZED_AUTOS = YES_AGGRESSIVE;
				GCC_WARN_UNUSED_FUNCTION = YES;
				GCC_WARN_UNUSED_VARIABLE = YES;
				LOCALIZATION_PREFERS_STRING_CATALOGS = YES;
				MACOSX_DEPLOYMENT_TARGET = 15.4;
				MTL_ENABLE_DEBUG_INFO = NO;
				MTL_FAST_MATH = YES;
				SDKROOT = macosx;
				SWIFT_COMPILATION_MODE = wholemodule;
			};
			name = Release;
		};
		486DDEF22E32E0AE00F8A359 /* Debug */ = {
			isa = XCBuildConfiguration;
			buildSettings = {
				CODE_SIGN_STYLE = Automatic;
				CURRENT_PROJECT_VERSION = 1;
				ENABLE_APP_SANDBOX = YES;
				ENABLE_HARDENED_RUNTIME = YES;
				ENABLE_USER_SELECTED_FILES = readonly;
				GENERATE_INFOPLIST_FILE = YES;
				INFOPLIST_FILE = "bskyUnGeoBlock Extension/Info.plist";
				INFOPLIST_KEY_CFBundleDisplayName = "bskyUnGeoBlock Extension";
				INFOPLIST_KEY_NSHumanReadableCopyright = "";
				LD_RUNPATH_SEARCH_PATHS = (
					"$(inherited)",
					"@executable_path/../Frameworks",
					"@executable_path/../../../../Frameworks",
				);
				MACOSX_DEPLOYMENT_TARGET = 10.14;
				MARKETING_VERSION = 1.0;
				OTHER_LDFLAGS = (
					"-framework",
					SafariServices,
				);
				PRODUCT_BUNDLE_IDENTIFIER = uk.invoxiplaygames.safari.bskyUnGeoBlock.Extension;
				PRODUCT_NAME = "$(TARGET_NAME)";
				SKIP_INSTALL = YES;
				STRING_CATALOG_GENERATE_SYMBOLS = YES;
				SWIFT_APPROACHABLE_CONCURRENCY = YES;
				SWIFT_EMIT_LOC_STRINGS = YES;
				SWIFT_UPCOMING_FEATURE_MEMBER_IMPORT_VISIBILITY = YES;
				SWIFT_VERSION = 5.0;
			};
			name = Debug;
		};
		486DDEF32E32E0AE00F8A359 /* Release */ = {
			isa = XCBuildConfiguration;
			buildSettings = {
				CODE_SIGN_STYLE = Automatic;
				CURRENT_PROJECT_VERSION = 1;
				ENABLE_APP_SANDBOX = YES;
				ENABLE_HARDENED_RUNTIME = YES;
				ENABLE_USER_SELECTED_FILES = readonly;
				GENERATE_INFOPLIST_FILE = YES;
				INFOPLIST_FILE = "bskyUnGeoBlock Extension/Info.plist";
				INFOPLIST_KEY_CFBundleDisplayName = "bskyUnGeoBlock Extension";
				INFOPLIST_KEY_NSHumanReadableCopyright = "";
				LD_RUNPATH_SEARCH_PATHS = (
					"$(inherited)",
					"@executable_path/../Frameworks",
					"@executable_path/../../../../Frameworks",
				);
				MACOSX_DEPLOYMENT_TARGET = 10.14;
				MARKETING_VERSION = 1.0;
				OTHER_LDFLAGS = (
					"-framework",
					SafariServices,
				);
				PRODUCT_BUNDLE_IDENTIFIER = uk.invoxiplaygames.safari.bskyUnGeoBlock.Extension;
				PRODUCT_NAME = "$(TARGET_NAME)";
				SKIP_INSTALL = YES;
				STRING_CATALOG_GENERATE_SYMBOLS = YES;
				SWIFT_APPROACHABLE_CONCURRENCY = YES;
				SWIFT_EMIT_LOC_STRINGS = YES;
				SWIFT_UPCOMING_FEATURE_MEMBER_IMPORT_VISIBILITY = YES;
				SWIFT_VERSION = 5.0;
			};
			name = Release;
		};
		486DDEF62E32E0AE00F8A359 /* Debug */ = {
			isa = XCBuildConfiguration;
			buildSettings = {
				ASSETCATALOG_COMPILER_APPICON_NAME = AppIcon;
				ASSETCATALOG_COMPILER_GLOBAL_ACCENT_COLOR_NAME = AccentColor;
				CODE_SIGN_STYLE = Automatic;
				COMBINE_HIDPI_IMAGES = YES;
				CURRENT_PROJECT_VERSION = 1;
				ENABLE_APP_SANDBOX = YES;
				ENABLE_HARDENED_RUNTIME = YES;
				ENABLE_OUTGOING_NETWORK_CONNECTIONS = YES;
				ENABLE_USER_SELECTED_FILES = readonly;
				GENERATE_INFOPLIST_FILE = YES;
				INFOPLIST_FILE = bskyUnGeoBlock/Info.plist;
				INFOPLIST_KEY_CFBundleDisplayName = bskyUnGeoBlock;
				INFOPLIST_KEY_NSHumanReadableCopyright = "";
				INFOPLIST_KEY_NSMainStoryboardFile = Main;
				INFOPLIST_KEY_NSPrincipalClass = NSApplication;
				LD_RUNPATH_SEARCH_PATHS = (
					"$(inherited)",
					"@executable_path/../Frameworks",
				);
				MACOSX_DEPLOYMENT_TARGET = 15.4;
				MARKETING_VERSION = 1.0;
				OTHER_LDFLAGS = (
					"-framework",
					SafariServices,
					"-framework",
					WebKit,
				);
				PRODUCT_BUNDLE_IDENTIFIER = uk.invoxiplaygames.safari.bskyUnGeoBlock;
				PRODUCT_NAME = "$(TARGET_NAME)";
				REGISTER_APP_GROUPS = YES;
				STRING_CATALOG_GENERATE_SYMBOLS = YES;
				SWIFT_APPROACHABLE_CONCURRENCY = YES;
				SWIFT_DEFAULT_ACTOR_ISOLATION = MainActor;
				SWIFT_EMIT_LOC_STRINGS = YES;
				SWIFT_UPCOMING_FEATURE_MEMBER_IMPORT_VISIBILITY = YES;
				SWIFT_VERSION = 5.0;
			};
			name = Debug;
		};
		486DDEF72E32E0AE00F8A359 /* Release */ = {
			isa = XCBuildConfiguration;
			buildSettings = {
				ASSETCATALOG_COMPILER_APPICON_NAME = AppIcon;
				ASSETCATALOG_COMPILER_GLOBAL_ACCENT_COLOR_NAME = AccentColor;
				CODE_SIGN_STYLE = Automatic;
				COMBINE_HIDPI_IMAGES = YES;
				CURRENT_PROJECT_VERSION = 1;
				ENABLE_APP_SANDBOX = YES;
				ENABLE_HARDENED_RUNTIME = YES;
				ENABLE_OUTGOING_NETWORK_CONNECTIONS = YES;
				ENABLE_USER_SELECTED_FILES = readonly;
				GENERATE_INFOPLIST_FILE = YES;
				INFOPLIST_FILE = bskyUnGeoBlock/Info.plist;
				INFOPLIST_KEY_CFBundleDisplayName = bskyUnGeoBlock;
				INFOPLIST_KEY_NSHumanReadableCopyright = "";
				INFOPLIST_KEY_NSMainStoryboardFile = Main;
				INFOPLIST_KEY_NSPrincipalClass = NSApplication;
				LD_RUNPATH_SEARCH_PATHS = (
					"$(inherited)",
					"@executable_path/../Frameworks",
				);
				MACOSX_DEPLOYMENT_TARGET = 15.4;
				MARKETING_VERSION = 1.0;
				OTHER_LDFLAGS = (
					"-framework",
					SafariServices,
					"-framework",
					WebKit,
				);
				PRODUCT_BUNDLE_IDENTIFIER = uk.invoxiplaygames.safari.bskyUnGeoBlock;
				PRODUCT_NAME = "$(TARGET_NAME)";
				REGISTER_APP_GROUPS = YES;
				STRING_CATALOG_GENERATE_SYMBOLS = YES;
				SWIFT_APPROACHABLE_CONCURRENCY = YES;
				SWIFT_DEFAULT_ACTOR_ISOLATION = MainActor;
				SWIFT_EMIT_LOC_STRINGS = YES;
				SWIFT_UPCOMING_FEATURE_MEMBER_IMPORT_VISIBILITY = YES;
				SWIFT_VERSION = 5.0;
			};
			name = Release;
		};
/* End XCBuildConfiguration section */

/* Begin XCConfigurationList section */
		486DDEC72E32E0AC00F8A359 /* Build configuration list for PBXProject "bskyUnGeoBlock" */ = {
			isa = XCConfigurationList;
			buildConfigurations = (
				486DDEEF2E32E0AE00F8A359 /* Debug */,
				486DDEF02E32E0AE00F8A359 /* Release */,
			);
			defaultConfigurationIsVisible = 0;
			defaultConfigurationName = Release;
		};
		486DDEF12E32E0AE00F8A359 /* Build configuration list for PBXNativeTarget "bskyUnGeoBlock Extension" */ = {
			isa = XCConfigurationList;
			buildConfigurations = (
				486DDEF22E32E0AE00F8A359 /* Debug */,
				486DDEF32E32E0AE00F8A359 /* Release */,
			);
			defaultConfigurationIsVisible = 0;
			defaultConfigurationName = Release;
		};
		486DDEF52E32E0AE00F8A359 /* Build configuration list for PBXNativeTarget "bskyUnGeoBlock" */ = {
			isa = XCConfigurationList;
			buildConfigurations = (
				486DDEF62E32E0AE00F8A359 /* Debug */,
				486DDEF72E32E0AE00F8A359 /* Release */,
			);
			defaultConfigurationIsVisible = 0;
			defaultConfigurationName = Release;
		};
/* End XCConfigurationList section */
	};
	rootObject = 486DDEC42E32E0AC00F8A359 /* Project object */;
}
